
Microsoft Visual Studio Solution File, Format Version 12.00
# Visual Studio Version 17
VisualStudioVersion = 17.0.31903.59
MinimumVisualStudioVersion = 10.0.40219.1
Project("{2150E333-8FDC-42A3-9474-1A3956D46DE8}") = "BCF", "BCF", "{8CDC2B3E-DCE2-44A4-933B-650231D5E5FE}"
EndProject
Project("{FAE04EC0-301F-11D3-BF4B-00C04F79EFBC}") = "Akka.BCF.App", "src\Akka.BCF\Akka.BCF.App\Akka.BCF.App.csproj", "{AF4B7A6D-B929-4CE4-AE33-B7E2C92050E3}"
EndProject
Project("{FAE04EC0-301F-11D3-BF4B-00C04F79EFBC}") = "Akka.BCF.Abstractions", "src\Akka.BCF\Akka.BCF.Abstractions\Akka.BCF.Abstractions.csproj", "{3B00A3D0-3270-49DC-BDFF-D714EA8E9E2B}"
EndProject
Project("{2150E333-8FDC-42A3-9474-1A3956D46DE8}") = ".build", ".build", "{2A3770E5-09FB-4CA6-87BB-AE614863229E}"
	ProjectSection(SolutionItems) = preProject
		Directory.Build.props = Directory.Build.props
		Directory.Packages.props = Directory.Packages.props
		global.json = global.json
	EndProjectSection
EndProject
Project("{FAE04EC0-301F-11D3-BF4B-00C04F79EFBC}") = "Akka.BCF.Domains.Subscriptions", "src\Akka.BCF\Akka.BCF.Domains.Subscriptions\Akka.BCF.Domains.Subscriptions.csproj", "{4849FBED-97ED-4F69-97E1-4E0AFF3FB15A}"
EndProject
Project("{FAE04EC0-301F-11D3-BF4B-00C04F79EFBC}") = "Akka.BCF.Domains.Payments", "src\Akka.BCF\Akka.BCF.Domains.Payments\Akka.BCF.Domains.Payments.csproj", "{D71F42C1-E57E-41D1-A506-8EB9669AAADA}"
EndProject
Project("{2150E333-8FDC-42A3-9474-1A3956D46DE8}") = "Pattern", "Pattern", "{027C96B8-E49F-4F37-8A4B-2F33A5DD100B}"
EndProject
Project("{FAE04EC0-301F-11D3-BF4B-00C04F79EFBC}") = "Akka.Pattern.Domains.Subscriptions", "src\Akka.Pattern\Akka.Pattern.Domains.Subscriptions\Akka.Pattern.Domains.Subscriptions.csproj", "{B624175C-E4EC-4E69-9CD2-0C737F1C57F5}"
EndProject
Project("{FAE04EC0-301F-11D3-BF4B-00C04F79EFBC}") = "Akka.Pattern.Common", "src\Akka.Pattern\Akka.Pattern.Common\Akka.Pattern.Common.csproj", "{ABFBAB38-B04C-41CB-8D2F-B7F2B816FE29}"
EndProject
Project("{FAE04EC0-301F-11D3-BF4B-00C04F79EFBC}") = "Akka.Pattern.Domains.Payments", "src\Akka.Pattern\Akka.Pattern.Domains.Payments\Akka.Pattern.Domains.Payments.csproj", "{67568934-F15B-44CC-96E8-45094F319EA9}"
EndProject
Project("{FAE04EC0-301F-11D3-BF4B-00C04F79EFBC}") = "Akka.Pattern.App", "src\Akka.Pattern\Akka.Pattern.App\Akka.Pattern.App.csproj", "{66A3CB9E-EC3B-44CC-B330-7E484F63EB81}"
EndProject
Global
	GlobalSection(SolutionConfigurationPlatforms) = preSolution
		Debug|Any CPU = Debug|Any CPU
		Release|Any CPU = Release|Any CPU
	EndGlobalSection
	GlobalSection(SolutionProperties) = preSolution
		HideSolutionNode = FALSE
	EndGlobalSection
	GlobalSection(ProjectConfigurationPlatforms) = postSolution
		{AF4B7A6D-B929-4CE4-AE33-B7E2C92050E3}.Debug|Any CPU.ActiveCfg = Debug|Any CPU
		{AF4B7A6D-B929-4CE4-AE33-B7E2C92050E3}.Debug|Any CPU.Build.0 = Debug|Any CPU
		{AF4B7A6D-B929-4CE4-AE33-B7E2C92050E3}.Release|Any CPU.ActiveCfg = Release|Any CPU
		{AF4B7A6D-B929-4CE4-AE33-B7E2C92050E3}.Release|Any CPU.Build.0 = Release|Any CPU
		{3B00A3D0-3270-49DC-BDFF-D714EA8E9E2B}.Debug|Any CPU.ActiveCfg = Debug|Any CPU
		{3B00A3D0-3270-49DC-BDFF-D714EA8E9E2B}.Debug|Any CPU.Build.0 = Debug|Any CPU
		{3B00A3D0-3270-49DC-BDFF-D714EA8E9E2B}.Release|Any CPU.ActiveCfg = Release|Any CPU
		{3B00A3D0-3270-49DC-BDFF-D714EA8E9E2B}.Release|Any CPU.Build.0 = Release|Any CPU
		{4849FBED-97ED-4F69-97E1-4E0AFF3FB15A}.Debug|Any CPU.ActiveCfg = Debug|Any CPU
		{4849FBED-97ED-4F69-97E1-4E0AFF3FB15A}.Debug|Any CPU.Build.0 = Debug|Any CPU
		{4849FBED-97ED-4F69-97E1-4E0AFF3FB15A}.Release|Any CPU.ActiveCfg = Release|Any CPU
		{4849FBED-97ED-4F69-97E1-4E0AFF3FB15A}.Release|Any CPU.Build.0 = Release|Any CPU
		{D71F42C1-E57E-41D1-A506-8EB9669AAADA}.Debug|Any CPU.ActiveCfg = Debug|Any CPU
		{D71F42C1-E57E-41D1-A506-8EB9669AAADA}.Debug|Any CPU.Build.0 = Debug|Any CPU
		{D71F42C1-E57E-41D1-A506-8EB9669AAADA}.Release|Any CPU.ActiveCfg = Release|Any CPU
		{D71F42C1-E57E-41D1-A506-8EB9669AAADA}.Release|Any CPU.Build.0 = Release|Any CPU
		{B624175C-E4EC-4E69-9CD2-0C737F1C57F5}.Debug|Any CPU.ActiveCfg = Debug|Any CPU
		{B624175C-E4EC-4E69-9CD2-0C737F1C57F5}.Debug|Any CPU.Build.0 = Debug|Any CPU
		{B624175C-E4EC-4E69-9CD2-0C737F1C57F5}.Release|Any CPU.ActiveCfg = Release|Any CPU
		{B624175C-E4EC-4E69-9CD2-0C737F1C57F5}.Release|Any CPU.Build.0 = Release|Any CPU
		{ABFBAB38-B04C-41CB-8D2F-B7F2B816FE29}.Debug|Any CPU.ActiveCfg = Debug|Any CPU
		{ABFBAB38-B04C-41CB-8D2F-B7F2B816FE29}.Debug|Any CPU.Build.0 = Debug|Any CPU
		{ABFBAB38-B04C-41CB-8D2F-B7F2B816FE29}.Release|Any CPU.ActiveCfg = Release|Any CPU
		{ABFBAB38-B04C-41CB-8D2F-B7F2B816FE29}.Release|Any CPU.Build.0 = Release|Any CPU
		{67568934-F15B-44CC-96E8-45094F319EA9}.Debug|Any CPU.ActiveCfg = Debug|Any CPU
		{67568934-F15B-44CC-96E8-45094F319EA9}.Debug|Any CPU.Build.0 = Debug|Any CPU
		{67568934-F15B-44CC-96E8-45094F319EA9}.Release|Any CPU.ActiveCfg = Release|Any CPU
		{67568934-F15B-44CC-96E8-45094F319EA9}.Release|Any CPU.Build.0 = Release|Any CPU
		{66A3CB9E-EC3B-44CC-B330-7E484F63EB81}.Debug|Any CPU.ActiveCfg = Debug|Any CPU
		{66A3CB9E-EC3B-44CC-B330-7E484F63EB81}.Debug|Any CPU.Build.0 = Debug|Any CPU
		{66A3CB9E-EC3B-44CC-B330-7E484F63EB81}.Release|Any CPU.ActiveCfg = Release|Any CPU
		{66A3CB9E-EC3B-44CC-B330-7E484F63EB81}.Release|Any CPU.Build.0 = Release|Any CPU
	EndGlobalSection
	GlobalSection(NestedProjects) = preSolution
		{AF4B7A6D-B929-4CE4-AE33-B7E2C92050E3} = {8CDC2B3E-DCE2-44A4-933B-650231D5E5FE}
		{3B00A3D0-3270-49DC-BDFF-D714EA8E9E2B} = {8CDC2B3E-DCE2-44A4-933B-650231D5E5FE}
		{4849FBED-97ED-4F69-97E1-4E0AFF3FB15A} = {8CDC2B3E-DCE2-44A4-933B-650231D5E5FE}
		{D71F42C1-E57E-41D1-A506-8EB9669AAADA} = {8CDC2B3E-DCE2-44A4-933B-650231D5E5FE}
		{B624175C-E4EC-4E69-9CD2-0C737F1C57F5} = {027C96B8-E49F-4F37-8A4B-2F33A5DD100B}
		{ABFBAB38-B04C-41CB-8D2F-B7F2B816FE29} = {027C96B8-E49F-4F37-8A4B-2F33A5DD100B}
		{67568934-F15B-44CC-96E8-45094F319EA9} = {027C96B8-E49F-4F37-8A4B-2F33A5DD100B}
		{66A3CB9E-EC3B-44CC-B330-7E484F63EB81} = {027C96B8-E49F-4F37-8A4B-2F33A5DD100B}
	EndGlobalSection
EndGlobal
